
Microsoft Visual Studio Solution File, Format Version 12.00
# Visual Studio Version 17
VisualStudioVersion = 17.13.35931.197 d17.13
MinimumVisualStudioVersion = 10.0.40219.1
Project("{FAE04EC0-301F-11D3-BF4B-00C04F79EFBC}") = "GestãoDeProduto", "GestãoDeProduto\GestãoDeProduto.csproj", "{22B79DB4-82E0-4C65-8514-05E65BBC4718}"
EndProject
Global
	GlobalSection(SolutionConfigurationPlatforms) = preSolution
		Debug|Any CPU = Debug|Any CPU
		Release|Any CPU = Release|Any CPU
	EndGlobalSection
	GlobalSection(ProjectConfigurationPlatforms) = postSolution
		{22B79DB4-82E0-4C65-8514-05E65BBC4718}.Debug|Any CPU.ActiveCfg = Debug|Any CPU
		{22B79DB4-82E0-4C65-8514-05E65BBC4718}.Debug|Any CPU.Build.0 = Debug|Any CPU
		{22B79DB4-82E0-4C65-8514-05E65BBC4718}.Release|Any CPU.ActiveCfg = Release|Any CPU
		{22B79DB4-82E0-4C65-8514-05E65BBC4718}.Release|Any CPU.Build.0 = Release|Any CPU
	EndGlobalSection
	GlobalSection(SolutionProperties) = preSolution
		HideSolutionNode = FALSE
	EndGlobalSection
	GlobalSection(ExtensibilityGlobals) = postSolution
		SolutionGuid = {96D25BA3-99E9-4FB5-B711-41BB2033A6F1}
	EndGlobalSection
EndGlobal
